
Microsoft Visual Studio Solution File, Format Version 12.00
# Visual Studio 15
VisualStudioVersion = 15.0.28010.2026
MinimumVisualStudioVersion = 10.0.40219.1
Project("{FAE04EC0-301F-11D3-BF4B-00C04F79EFBC}") = "ForumLesson16", "ForumLesson16\ForumLesson16.csproj", "{9C15AC34-9B1E-4D13-B3CD-72618C06D6D1}"
EndProject
Global
	GlobalSection(SolutionConfigurationPlatforms) = preSolution
		Debug|Any CPU = Debug|Any CPU
		Release|Any CPU = Release|Any CPU
	EndGlobalSection
	GlobalSection(ProjectConfigurationPlatforms) = postSolution
		{9C15AC34-9B1E-4D13-B3CD-72618C06D6D1}.Debug|Any CPU.ActiveCfg = Debug|Any CPU
		{9C15AC34-9B1E-4D13-B3CD-72618C06D6D1}.Debug|Any CPU.Build.0 = Debug|Any CPU
		{9C15AC34-9B1E-4D13-B3CD-72618C06D6D1}.Release|Any CPU.ActiveCfg = Release|Any CPU
		{9C15AC34-9B1E-4D13-B3CD-72618C06D6D1}.Release|Any CPU.Build.0 = Release|Any CPU
	EndGlobalSection
	GlobalSection(SolutionProperties) = preSolution
		HideSolutionNode = FALSE
	EndGlobalSection
	GlobalSection(ExtensibilityGlobals) = postSolution
		SolutionGuid = {2962CD0D-ADD5-4102-973A-3448164531A4}
	EndGlobalSection
EndGlobal
